
Microsoft Visual Studio Solution File, Format Version 12.00
# Visual Studio Version 16
VisualStudioVersion = 16.0.35130.168
MinimumVisualStudioVersion = 10.0.40219.1
Project("{FAE04EC0-301F-11D3-BF4B-00C04F79EFBC}") = "BookstoreInventory", "BookstoreInventory\BookstoreInventory.csproj", "{7378F179-97BC-4D89-B031-AEDE53DD4B03}"
EndProject
Global
	GlobalSection(SolutionConfigurationPlatforms) = preSolution
		Debug|Any CPU = Debug|Any CPU
		Release|Any CPU = Release|Any CPU
	EndGlobalSection
	GlobalSection(ProjectConfigurationPlatforms) = postSolution
		{7378F179-97BC-4D89-B031-AEDE53DD4B03}.Debug|Any CPU.ActiveCfg = Debug|Any CPU
		{7378F179-97BC-4D89-B031-AEDE53DD4B03}.Debug|Any CPU.Build.0 = Debug|Any CPU
		{7378F179-97BC-4D89-B031-AEDE53DD4B03}.Release|Any CPU.ActiveCfg = Release|Any CPU
		{7378F179-97BC-4D89-B031-AEDE53DD4B03}.Release|Any CPU.Build.0 = Release|Any CPU
	EndGlobalSection
	GlobalSection(SolutionProperties) = preSolution
		HideSolutionNode = FALSE
	EndGlobalSection
	GlobalSection(ExtensibilityGlobals) = postSolution
		SolutionGuid = {170686C6-FD3A-4801-A4B2-5A18CD83DD6F}
	EndGlobalSection
EndGlobal
